
Microsoft Visual Studio Solution File, Format Version 12.00
# Visual Studio Version 17
VisualStudioVersion = 17.7.34024.191
MinimumVisualStudioVersion = 10.0.40219.1
Project("{2150E333-8FDC-42A3-9474-1A3956D46DE8}") = "Services", "Services", "{2509F342-E0F3-47A5-B8CA-FD0128E5A14A}"
EndProject
Project("{2150E333-8FDC-42A3-9474-1A3956D46DE8}") = "Catalog", "Catalog", "{633B46C8-D94E-4CAF-BB80-1C5CAFD7C448}"
EndProject
Project("{9A19103F-16F7-4668-BE54-9A1E7A4F7556}") = "ECommerce.Catalog", "Services\Catalog\ECommerce.Catalog\ECommerce.Catalog.csproj", "{0EDBCDB6-F224-42D4-97DD-EFA2BC7CAA0F}"
EndProject
Project("{2150E333-8FDC-42A3-9474-1A3956D46DE8}") = "Discount", "Discount", "{AF033B93-DAE5-4C8C-8EE4-F69A8A7B7FB6}"
EndProject
Project("{9A19103F-16F7-4668-BE54-9A1E7A4F7556}") = "ECommerce.Discount", "Services\Discount\ECommerce.Discount\ECommerce.Discount.csproj", "{7DD99EC1-77F9-4DBD-B905-1D49AB0F948B}"
EndProject
Project("{2150E333-8FDC-42A3-9474-1A3956D46DE8}") = "Order", "Order", "{9ABF6D47-2A1A-478A-84D0-9D1D223947BD}"
EndProject
Project("{2150E333-8FDC-42A3-9474-1A3956D46DE8}") = "Core", "Core", "{8B5C9E0D-3BED-42C0-B93A-EB344D749CB2}"
EndProject
Project("{2150E333-8FDC-42A3-9474-1A3956D46DE8}") = "Infrastructure", "Infrastructure", "{DA9969D5-87D1-4A66-83B2-C90386CB3D0C}"
EndProject
Project("{2150E333-8FDC-42A3-9474-1A3956D46DE8}") = "Presentation", "Presentation", "{C82117CB-B3B7-4950-970E-79FCFE713585}"
EndProject
Project("{FAE04EC0-301F-11D3-BF4B-00C04F79EFBC}") = "ECommerce.Order.Domain", "Services\Order\Core\ECommerce.Order.Domain\ECommerce.Order.Domain.csproj", "{E3B34195-5326-4D44-84FE-37A53A0862FC}"
EndProject
Project("{FAE04EC0-301F-11D3-BF4B-00C04F79EFBC}") = "Ecommerce.Order.Application", "Services\Order\Core\Ecommerce.Order.Application\Ecommerce.Order.Application.csproj", "{1D37C873-9071-4A70-96AC-205A605D1F3F}"
EndProject
Project("{FAE04EC0-301F-11D3-BF4B-00C04F79EFBC}") = "ECommerce.Order.Persistence", "Services\Order\Infrastructure\ECommerce.Order.Persistence\ECommerce.Order.Persistence.csproj", "{600F61F6-03EB-4487-8242-F0F1D79D4C2C}"
EndProject
Project("{FAE04EC0-301F-11D3-BF4B-00C04F79EFBC}") = "ECommerce.Order.WebApi", "Services\Order\Presentation\ECommerce.Order.WebApi\ECommerce.Order.WebApi.csproj", "{E9CBEBC1-6CA1-4791-B8CB-75C523175760}"
EndProject
Global
	GlobalSection(SolutionConfigurationPlatforms) = preSolution
		Debug|Any CPU = Debug|Any CPU
		Release|Any CPU = Release|Any CPU
	EndGlobalSection
	GlobalSection(ProjectConfigurationPlatforms) = postSolution
		{0EDBCDB6-F224-42D4-97DD-EFA2BC7CAA0F}.Debug|Any CPU.ActiveCfg = Debug|Any CPU
		{0EDBCDB6-F224-42D4-97DD-EFA2BC7CAA0F}.Debug|Any CPU.Build.0 = Debug|Any CPU
		{0EDBCDB6-F224-42D4-97DD-EFA2BC7CAA0F}.Release|Any CPU.ActiveCfg = Release|Any CPU
		{0EDBCDB6-F224-42D4-97DD-EFA2BC7CAA0F}.Release|Any CPU.Build.0 = Release|Any CPU
		{7DD99EC1-77F9-4DBD-B905-1D49AB0F948B}.Debug|Any CPU.ActiveCfg = Debug|Any CPU
		{7DD99EC1-77F9-4DBD-B905-1D49AB0F948B}.Debug|Any CPU.Build.0 = Debug|Any CPU
		{7DD99EC1-77F9-4DBD-B905-1D49AB0F948B}.Release|Any CPU.ActiveCfg = Release|Any CPU
		{7DD99EC1-77F9-4DBD-B905-1D49AB0F948B}.Release|Any CPU.Build.0 = Release|Any CPU
		{E3B34195-5326-4D44-84FE-37A53A0862FC}.Debug|Any CPU.ActiveCfg = Debug|Any CPU
		{E3B34195-5326-4D44-84FE-37A53A0862FC}.Debug|Any CPU.Build.0 = Debug|Any CPU
		{E3B34195-5326-4D44-84FE-37A53A0862FC}.Release|Any CPU.ActiveCfg = Release|Any CPU
		{E3B34195-5326-4D44-84FE-37A53A0862FC}.Release|Any CPU.Build.0 = Release|Any CPU
		{1D37C873-9071-4A70-96AC-205A605D1F3F}.Debug|Any CPU.ActiveCfg = Debug|Any CPU
		{1D37C873-9071-4A70-96AC-205A605D1F3F}.Debug|Any CPU.Build.0 = Debug|Any CPU
		{1D37C873-9071-4A70-96AC-205A605D1F3F}.Release|Any CPU.ActiveCfg = Release|Any CPU
		{1D37C873-9071-4A70-96AC-205A605D1F3F}.Release|Any CPU.Build.0 = Release|Any CPU
		{600F61F6-03EB-4487-8242-F0F1D79D4C2C}.Debug|Any CPU.ActiveCfg = Debug|Any CPU
		{600F61F6-03EB-4487-8242-F0F1D79D4C2C}.Debug|Any CPU.Build.0 = Debug|Any CPU
		{600F61F6-03EB-4487-8242-F0F1D79D4C2C}.Release|Any CPU.ActiveCfg = Release|Any CPU
		{600F61F6-03EB-4487-8242-F0F1D79D4C2C}.Release|Any CPU.Build.0 = Release|Any CPU
		{E9CBEBC1-6CA1-4791-B8CB-75C523175760}.Debug|Any CPU.ActiveCfg = Debug|Any CPU
		{E9CBEBC1-6CA1-4791-B8CB-75C523175760}.Debug|Any CPU.Build.0 = Debug|Any CPU
		{E9CBEBC1-6CA1-4791-B8CB-75C523175760}.Release|Any CPU.ActiveCfg = Release|Any CPU
		{E9CBEBC1-6CA1-4791-B8CB-75C523175760}.Release|Any CPU.Build.0 = Release|Any CPU
	EndGlobalSection
	GlobalSection(SolutionProperties) = preSolution
		HideSolutionNode = FALSE
	EndGlobalSection
	GlobalSection(NestedProjects) = preSolution
		{633B46C8-D94E-4CAF-BB80-1C5CAFD7C448} = {2509F342-E0F3-47A5-B8CA-FD0128E5A14A}
		{0EDBCDB6-F224-42D4-97DD-EFA2BC7CAA0F} = {633B46C8-D94E-4CAF-BB80-1C5CAFD7C448}
		{AF033B93-DAE5-4C8C-8EE4-F69A8A7B7FB6} = {2509F342-E0F3-47A5-B8CA-FD0128E5A14A}
		{7DD99EC1-77F9-4DBD-B905-1D49AB0F948B} = {AF033B93-DAE5-4C8C-8EE4-F69A8A7B7FB6}
		{9ABF6D47-2A1A-478A-84D0-9D1D223947BD} = {2509F342-E0F3-47A5-B8CA-FD0128E5A14A}
		{8B5C9E0D-3BED-42C0-B93A-EB344D749CB2} = {9ABF6D47-2A1A-478A-84D0-9D1D223947BD}
		{DA9969D5-87D1-4A66-83B2-C90386CB3D0C} = {9ABF6D47-2A1A-478A-84D0-9D1D223947BD}
		{C82117CB-B3B7-4950-970E-79FCFE713585} = {9ABF6D47-2A1A-478A-84D0-9D1D223947BD}
		{E3B34195-5326-4D44-84FE-37A53A0862FC} = {8B5C9E0D-3BED-42C0-B93A-EB344D749CB2}
		{1D37C873-9071-4A70-96AC-205A605D1F3F} = {8B5C9E0D-3BED-42C0-B93A-EB344D749CB2}
		{600F61F6-03EB-4487-8242-F0F1D79D4C2C} = {DA9969D5-87D1-4A66-83B2-C90386CB3D0C}
		{E9CBEBC1-6CA1-4791-B8CB-75C523175760} = {C82117CB-B3B7-4950-970E-79FCFE713585}
	EndGlobalSection
	GlobalSection(ExtensibilityGlobals) = postSolution
		SolutionGuid = {FB6B0F17-FCD1-4015-9BD9-9BD406AB8BCC}
	EndGlobalSection
EndGlobal
